// !$*UTF8*$!
{
	archiveVersion = 1;
	classes = {
	};
	objectVersion = 54;
	objects = {

/* Begin PBXBuildFile section */
		CC60CA852570DDBC001CE0D1 /* MenuItemJsonModel.swift in Sources */ = {isa = PBXBuildFile; fileRef = CC60CA842570DDBC001CE0D1 /* MenuItemJsonModel.swift */; };
		CC60CAA025713FA8001CE0D1 /* Utilities.swift in Sources */ = {isa = PBXBuildFile; fileRef = CC60CA9F25713FA8001CE0D1 /* Utilities.swift */; };
		CC60CAA825714210001CE0D1 /* usersettings.json in Resources */ = {isa = PBXBuildFile; fileRef = CC60CAA525714210001CE0D1 /* usersettings.json */; };
		CC60CAA925714210001CE0D1 /* menuitems.json in Resources */ = {isa = PBXBuildFile; fileRef = CC60CAA625714210001CE0D1 /* menuitems.json */; };
		CC60CAAA25714210001CE0D1 /* defaultsetting.json in Resources */ = {isa = PBXBuildFile; fileRef = CC60CAA725714210001CE0D1 /* defaultsetting.json */; };
		CC747A52252F03C2004D7B7F /* AppDelegate.swift in Sources */ = {isa = PBXBuildFile; fileRef = CC747A51252F03C2004D7B7F /* AppDelegate.swift */; };
		CC747A54252F03C2004D7B7F /* SceneDelegate.swift in Sources */ = {isa = PBXBuildFile; fileRef = CC747A53252F03C2004D7B7F /* SceneDelegate.swift */; };
		CC747A56252F03C2004D7B7F /* SideBarViewController.swift in Sources */ = {isa = PBXBuildFile; fileRef = CC747A55252F03C2004D7B7F /* SideBarViewController.swift */; };
		CC747A5B252F03C4004D7B7F /* Assets.xcassets in Resources */ = {isa = PBXBuildFile; fileRef = CC747A5A252F03C4004D7B7F /* Assets.xcassets */; };
		CC747A5E252F03C4004D7B7F /* LaunchScreen.storyboard in Resources */ = {isa = PBXBuildFile; fileRef = CC747A5C252F03C4004D7B7F /* LaunchScreen.storyboard */; };
		CC747A6C252F6A6E004D7B7F /* SideBarItems.swift in Sources */ = {isa = PBXBuildFile; fileRef = CC747A6B252F6A6E004D7B7F /* SideBarItems.swift */; };
/* End PBXBuildFile section */

/* Begin PBXFileReference section */
		CC60CA842570DDBC001CE0D1 /* MenuItemJsonModel.swift */ = {isa = PBXFileReference; lastKnownFileType = sourcecode.swift; path = MenuItemJsonModel.swift; sourceTree = "<group>"; };
		CC60CA9F25713FA8001CE0D1 /* Utilities.swift */ = {isa = PBXFileReference; lastKnownFileType = sourcecode.swift; path = Utilities.swift; sourceTree = "<group>"; };
		CC60CAA525714210001CE0D1 /* usersettings.json */ = {isa = PBXFileReference; fileEncoding = 4; lastKnownFileType = text.json; name = usersettings.json; path = src/usersettings.json; sourceTree = SOURCE_ROOT; };
		CC60CAA625714210001CE0D1 /* menuitems.json */ = {isa = PBXFileReference; fileEncoding = 4; lastKnownFileType = text.json; name = menuitems.json; path = src/menuitems.json; sourceTree = SOURCE_ROOT; };
		CC60CAA725714210001CE0D1 /* defaultsetting.json */ = {isa = PBXFileReference; fileEncoding = 4; lastKnownFileType = text.json; name = defaultsetting.json; path = src/defaultsetting.json; sourceTree = SOURCE_ROOT; };
		CC747A4E252F03C2004D7B7F /* iPadMenuList.app */ = {isa = PBXFileReference; explicitFileType = wrapper.application; includeInIndex = 0; path = iPadMenuList.app; sourceTree = BUILT_PRODUCTS_DIR; };
		CC747A51252F03C2004D7B7F /* AppDelegate.swift */ = {isa = PBXFileReference; lastKnownFileType = sourcecode.swift; path = AppDelegate.swift; sourceTree = "<group>"; };
		CC747A53252F03C2004D7B7F /* SceneDelegate.swift */ = {isa = PBXFileReference; lastKnownFileType = sourcecode.swift; path = SceneDelegate.swift; sourceTree = "<group>"; };
		CC747A55252F03C2004D7B7F /* SideBarViewController.swift */ = {isa = PBXFileReference; lastKnownFileType = sourcecode.swift; path = SideBarViewController.swift; sourceTree = "<group>"; };
		CC747A5A252F03C4004D7B7F /* Assets.xcassets */ = {isa = PBXFileReference; lastKnownFileType = folder.assetcatalog; path = Assets.xcassets; sourceTree = "<group>"; };
		CC747A5D252F03C4004D7B7F /* Base */ = {isa = PBXFileReference; lastKnownFileType = file.storyboard; name = Base; path = Base.lproj/LaunchScreen.storyboard; sourceTree = "<group>"; };
		CC747A5F252F03C4004D7B7F /* Info.plist */ = {isa = PBXFileReference; lastKnownFileType = text.plist.xml; path = Info.plist; sourceTree = "<group>"; };
		CC747A6B252F6A6E004D7B7F /* SideBarItems.swift */ = {isa = PBXFileReference; lastKnownFileType = sourcecode.swift; path = SideBarItems.swift; sourceTree = "<group>"; };
/* End PBXFileReference section */

/* Begin PBXFrameworksBuildPhase section */
		CC747A4B252F03C2004D7B7F /* Frameworks */ = {
			isa = PBXFrameworksBuildPhase;
			buildActionMask = 2147483647;
			files = (
			);
			runOnlyForDeploymentPostprocessing = 0;
		};
/* End PBXFrameworksBuildPhase section */

/* Begin PBXGroup section */
		CC60CA832570DB83001CE0D1 /* Model */ = {
			isa = PBXGroup;
			children = (
				CC747A6B252F6A6E004D7B7F /* SideBarItems.swift */,
				CC60CA842570DDBC001CE0D1 /* MenuItemJsonModel.swift */,
			);
			path = Model;
			sourceTree = "<group>";
		};
		CC60CA9D25713F81001CE0D1 /* Utilities */ = {
			isa = PBXGroup;
			children = (
				CC60CA9F25713FA8001CE0D1 /* Utilities.swift */,
			);
			path = Utilities;
			sourceTree = "<group>";
		};
		CC60CAA4257141EB001CE0D1 /* Resources */ = {
			isa = PBXGroup;
			children = (
				CC60CAA725714210001CE0D1 /* defaultsetting.json */,
				CC60CAA625714210001CE0D1 /* menuitems.json */,
				CC60CAA525714210001CE0D1 /* usersettings.json */,
			);
			path = Resources;
			sourceTree = "<group>";
		};
		CC747A45252F03C1004D7B7F = {
			isa = PBXGroup;
			children = (
				CC747A50252F03C2004D7B7F /* iPadMenuList */,
				CC747A4F252F03C2004D7B7F /* Products */,
			);
			sourceTree = "<group>";
		};
		CC747A4F252F03C2004D7B7F /* Products */ = {
			isa = PBXGroup;
			children = (
				CC747A4E252F03C2004D7B7F /* iPadMenuList.app */,
			);
			name = Products;
			sourceTree = "<group>";
		};
		CC747A50252F03C2004D7B7F /* iPadMenuList */ = {
			isa = PBXGroup;
			children = (
				CC60CAA4257141EB001CE0D1 /* Resources */,
				CC60CA9D25713F81001CE0D1 /* Utilities */,
				CC60CA832570DB83001CE0D1 /* Model */,
				CC747A51252F03C2004D7B7F /* AppDelegate.swift */,
				CC747A53252F03C2004D7B7F /* SceneDelegate.swift */,
				CC747A55252F03C2004D7B7F /* SideBarViewController.swift */,
				CC747A5A252F03C4004D7B7F /* Assets.xcassets */,
				CC747A5C252F03C4004D7B7F /* LaunchScreen.storyboard */,
				CC747A5F252F03C4004D7B7F /* Info.plist */,
			);
			path = iPadMenuList;
			sourceTree = "<group>";
		};
/* End PBXGroup section */

/* Begin PBXNativeTarget section */
		CC747A4D252F03C2004D7B7F /* iPadMenuList */ = {
			isa = PBXNativeTarget;
			buildConfigurationList = CC747A62252F03C4004D7B7F /* Build configuration list for PBXNativeTarget "iPadMenuList" */;
			buildPhases = (
				CC747A4A252F03C2004D7B7F /* Sources */,
				CC747A4B252F03C2004D7B7F /* Frameworks */,
				CC747A4C252F03C2004D7B7F /* Resources */,
			);
			buildRules = (
			);
			dependencies = (
			);
			name = iPadMenuList;
			productName = iPadSOAnswer;
			productReference = CC747A4E252F03C2004D7B7F /* iPadMenuList.app */;
			productType = "com.apple.product-type.application";
		};
/* End PBXNativeTarget section */

/* Begin PBXProject section */
		CC747A46252F03C1004D7B7F /* Project object */ = {
			isa = PBXProject;
			attributes = {
				LastSwiftUpdateCheck = 1200;
				LastUpgradeCheck = 1200;
				TargetAttributes = {
					CC747A4D252F03C2004D7B7F = {
						CreatedOnToolsVersion = 12.0.1;
					};
				};
			};
			buildConfigurationList = CC747A49252F03C1004D7B7F /* Build configuration list for PBXProject "iPadMenuList" */;
			compatibilityVersion = "Xcode 12.0";
			developmentRegion = en;
			hasScannedForEncodings = 0;
			knownRegions = (
				en,
				Base,
			);
			mainGroup = CC747A45252F03C1004D7B7F;
			productRefGroup = CC747A4F252F03C2004D7B7F /* Products */;
			projectDirPath = "";
			projectRoot = "";
			targets = (
				CC747A4D252F03C2004D7B7F /* iPadMenuList */,
			);
		};
/* End PBXProject section */

/* Begin PBXResourcesBuildPhase section */
		CC747A4C252F03C2004D7B7F /* Resources */ = {
			isa = PBXResourcesBuildPhase;
			buildActionMask = 2147483647;
			files = (
				CC60CAA825714210001CE0D1 /* usersettings.json in Resources */,
				CC60CAA925714210001CE0D1 /* menuitems.json in Resources */,
				CC60CAAA25714210001CE0D1 /* defaultsetting.json in Resources */,
				CC747A5E252F03C4004D7B7F /* LaunchScreen.storyboard in Resources */,
				CC747A5B252F03C4004D7B7F /* Assets.xcassets in Resources */,
			);
			runOnlyForDeploymentPostprocessing = 0;
		};
/* End PBXResourcesBuildPhase section */

/* Begin PBXSourcesBuildPhase section */
		CC747A4A252F03C2004D7B7F /* Sources */ = {
			isa = PBXSourcesBuildPhase;
			buildActionMask = 2147483647;
			files = (
				CC60CAA025713FA8001CE0D1 /* Utilities.swift in Sources */,
				CC747A56252F03C2004D7B7F /* SideBarViewController.swift in Sources */,
				CC747A6C252F6A6E004D7B7F /* SideBarItems.swift in Sources */,
				CC747A52252F03C2004D7B7F /* AppDelegate.swift in Sources */,
				CC747A54252F03C2004D7B7F /* SceneDelegate.swift in Sources */,
				CC60CA852570DDBC001CE0D1 /* MenuItemJsonModel.swift in Sources */,
			);
			runOnlyForDeploymentPostprocessing = 0;
		};
/* End PBXSourcesBuildPhase section */

/* Begin PBXVariantGroup section */
		CC747A5C252F03C4004D7B7F /* LaunchScreen.storyboard */ = {
			isa = PBXVariantGroup;
			children = (
				CC747A5D252F03C4004D7B7F /* Base */,
			);
			name = LaunchScreen.storyboard;
			sourceTree = "<group>";
		};
/* End PBXVariantGroup section */

/* Begin XCBuildConfiguration section */
		CC747A60252F03C4004D7B7F /* Debug */ = {
			isa = XCBuildConfiguration;
			buildSettings = {
				ALWAYS_SEARCH_USER_PATHS = NO;
				CLANG_ANALYZER_NONNULL = YES;
				CLANG_ANALYZER_NUMBER_OBJECT_CONVERSION = YES_AGGRESSIVE;
				CLANG_CXX_LANGUAGE_STANDARD = "gnu++14";
				CLANG_CXX_LIBRARY = "libc++";
				CLANG_ENABLE_MODULES = YES;
				CLANG_ENABLE_OBJC_ARC = YES;
				CLANG_ENABLE_OBJC_WEAK = YES;
				CLANG_WARN_BLOCK_CAPTURE_AUTORELEASING = YES;
				CLANG_WARN_BOOL_CONVERSION = YES;
				CLANG_WARN_COMMA = YES;
				CLANG_WARN_CONSTANT_CONVERSION = YES;
				CLANG_WARN_DEPRECATED_OBJC_IMPLEMENTATIONS = YES;
				CLANG_WARN_DIRECT_OBJC_ISA_USAGE = YES_ERROR;
				CLANG_WARN_DOCUMENTATION_COMMENTS = YES;
				CLANG_WARN_EMPTY_BODY = YES;
				CLANG_WARN_ENUM_CONVERSION = YES;
				CLANG_WARN_INFINITE_RECURSION = YES;
				CLANG_WARN_INT_CONVERSION = YES;
				CLANG_WARN_NON_LITERAL_NULL_CONVERSION = YES;
				CLANG_WARN_OBJC_IMPLICIT_RETAIN_SELF = YES;
				CLANG_WARN_OBJC_LITERAL_CONVERSION = YES;
				CLANG_WARN_OBJC_ROOT_CLASS = YES_ERROR;
				CLANG_WARN_QUOTED_INCLUDE_IN_FRAMEWORK_HEADER = YES;
				CLANG_WARN_RANGE_LOOP_ANALYSIS = YES;
				CLANG_WARN_STRICT_PROTOTYPES = YES;
				CLANG_WARN_SUSPICIOUS_MOVE = YES;
				CLANG_WARN_UNGUARDED_AVAILABILITY = YES_AGGRESSIVE;
				CLANG_WARN_UNREACHABLE_CODE = YES;
				CLANG_WARN__DUPLICATE_METHOD_MATCH = YES;
				COPY_PHASE_STRIP = NO;
				DEBUG_INFORMATION_FORMAT = dwarf;
				ENABLE_STRICT_OBJC_MSGSEND = YES;
				ENABLE_TESTABILITY = YES;
				GCC_C_LANGUAGE_STANDARD = gnu11;
				GCC_DYNAMIC_NO_PIC = NO;
				GCC_NO_COMMON_BLOCKS = YES;
				GCC_OPTIMIZATION_LEVEL = 0;
				GCC_PREPROCESSOR_DEFINITIONS = (
					"DEBUG=1",
					"$(inherited)",
				);
				GCC_WARN_64_TO_32_BIT_CONVERSION = YES;
				GCC_WARN_ABOUT_RETURN_TYPE = YES_ERROR;
				GCC_WARN_UNDECLARED_SELECTOR = YES;
				GCC_WARN_UNINITIALIZED_AUTOS = YES_AGGRESSIVE;
				GCC_WARN_UNUSED_FUNCTION = YES;
				GCC_WARN_UNUSED_VARIABLE = YES;
				IPHONEOS_DEPLOYMENT_TARGET = 14.0;
				MTL_ENABLE_DEBUG_INFO = INCLUDE_SOURCE;
				MTL_FAST_MATH = YES;
				ONLY_ACTIVE_ARCH = YES;
				SDKROOT = iphoneos;
				SWIFT_ACTIVE_COMPILATION_CONDITIONS = DEBUG;
				SWIFT_OPTIMIZATION_LEVEL = "-Onone";
			};
			name = Debug;
		};
		CC747A61252F03C4004D7B7F /* Release */ = {
			isa = XCBuildConfiguration;
			buildSettings = {
				ALWAYS_SEARCH_USER_PATHS = NO;
				CLANG_ANALYZER_NONNULL = YES;
				CLANG_ANALYZER_NUMBER_OBJECT_CONVERSION = YES_AGGRESSIVE;
				CLANG_CXX_LANGUAGE_STANDARD = "gnu++14";
				CLANG_CXX_LIBRARY = "libc++";
				CLANG_ENABLE_MODULES = YES;
				CLANG_ENABLE_OBJC_ARC = YES;
				CLANG_ENABLE_OBJC_WEAK = YES;
				CLANG_WARN_BLOCK_CAPTURE_AUTORELEASING = YES;
				CLANG_WARN_BOOL_CONVERSION = YES;
				CLANG_WARN_COMMA = YES;
				CLANG_WARN_CONSTANT_CONVERSION = YES;
				CLANG_WARN_DEPRECATED_OBJC_IMPLEMENTATIONS = YES;
				CLANG_WARN_DIRECT_OBJC_ISA_USAGE = YES_ERROR;
				CLANG_WARN_DOCUMENTATION_COMMENTS = YES;
				CLANG_WARN_EMPTY_BODY = YES;
				CLANG_WARN_ENUM_CONVERSION = YES;
				CLANG_WARN_INFINITE_RECURSION = YES;
				CLANG_WARN_INT_CONVERSION = YES;
				CLANG_WARN_NON_LITERAL_NULL_CONVERSION = YES;
				CLANG_WARN_OBJC_IMPLICIT_RETAIN_SELF = YES;
				CLANG_WARN_OBJC_LITERAL_CONVERSION = YES;
				CLANG_WARN_OBJC_ROOT_CLASS = YES_ERROR;
				CLANG_WARN_QUOTED_INCLUDE_IN_FRAMEWORK_HEADER = YES;
				CLANG_WARN_RANGE_LOOP_ANALYSIS = YES;
				CLANG_WARN_STRICT_PROTOTYPES = YES;
				CLANG_WARN_SUSPICIOUS_MOVE = YES;
				CLANG_WARN_UNGUARDED_AVAILABILITY = YES_AGGRESSIVE;
				CLANG_WARN_UNREACHABLE_CODE = YES;
				CLANG_WARN__DUPLICATE_METHOD_MATCH = YES;
				COPY_PHASE_STRIP = NO;
				DEBUG_INFORMATION_FORMAT = "dwarf-with-dsym";
				ENABLE_NS_ASSERTIONS = NO;
				ENABLE_STRICT_OBJC_MSGSEND = YES;
				GCC_C_LANGUAGE_STANDARD = gnu11;
				GCC_NO_COMMON_BLOCKS = YES;
				GCC_WARN_64_TO_32_BIT_CONVERSION = YES;
				GCC_WARN_ABOUT_RETURN_TYPE = YES_ERROR;
				GCC_WARN_UNDECLARED_SELECTOR = YES;
				GCC_WARN_UNINITIALIZED_AUTOS = YES_AGGRESSIVE;
				GCC_WARN_UNUSED_FUNCTION = YES;
				GCC_WARN_UNUSED_VARIABLE = YES;
				IPHONEOS_DEPLOYMENT_TARGET = 14.0;
				MTL_ENABLE_DEBUG_INFO = NO;
				MTL_FAST_MATH = YES;
				SDKROOT = iphoneos;
				SWIFT_COMPILATION_MODE = wholemodule;
				SWIFT_OPTIMIZATION_LEVEL = "-O";
				VALIDATE_PRODUCT = YES;
			};
			name = Release;
		};
		CC747A63252F03C4004D7B7F /* Debug */ = {
			isa = XCBuildConfiguration;
			buildSettings = {
				ASSETCATALOG_COMPILER_APPICON_NAME = AppIcon;
				ASSETCATALOG_COMPILER_GLOBAL_ACCENT_COLOR_NAME = AccentColor;
				CODE_SIGN_STYLE = Automatic;
				DEVELOPMENT_TEAM = PC4UNNP43Y;
				INFOPLIST_FILE = iPadMenuList/Info.plist;
				LD_RUNPATH_SEARCH_PATHS = (
					"$(inherited)",
					"@executable_path/Frameworks",
				);
				PRODUCT_BUNDLE_IDENTIFIER = games.greenfarm.iPadMenuList;
				PRODUCT_NAME = "$(TARGET_NAME)";
				SWIFT_VERSION = 5.0;
				TARGETED_DEVICE_FAMILY = 2;
			};
			name = Debug;
		};
		CC747A64252F03C4004D7B7F /* Release */ = {
			isa = XCBuildConfiguration;
			buildSettings = {
				ASSETCATALOG_COMPILER_APPICON_NAME = AppIcon;
				ASSETCATALOG_COMPILER_GLOBAL_ACCENT_COLOR_NAME = AccentColor;
				CODE_SIGN_STYLE = Automatic;
				DEVELOPMENT_TEAM = PC4UNNP43Y;
				INFOPLIST_FILE = iPadMenuList/Info.plist;
				LD_RUNPATH_SEARCH_PATHS = (
					"$(inherited)",
					"@executable_path/Frameworks",
				);
				PRODUCT_BUNDLE_IDENTIFIER = games.greenfarm.iPadMenuList;
				PRODUCT_NAME = "$(TARGET_NAME)";
				SWIFT_VERSION = 5.0;
				TARGETED_DEVICE_FAMILY = 2;
			};
			name = Release;
		};
/* End XCBuildConfiguration section */

/* Begin XCConfigurationList section */
		CC747A49252F03C1004D7B7F /* Build configuration list for PBXProject "iPadMenuList" */ = {
			isa = XCConfigurationList;
			buildConfigurations = (
				CC747A60252F03C4004D7B7F /* Debug */,
				CC747A61252F03C4004D7B7F /* Release */,
			);
			defaultConfigurationIsVisible = 0;
			defaultConfigurationName = Release;
		};
		CC747A62252F03C4004D7B7F /* Build configuration list for PBXNativeTarget "iPadMenuList" */ = {
			isa = XCConfigurationList;
			buildConfigurations = (
				CC747A63252F03C4004D7B7F /* Debug */,
				CC747A64252F03C4004D7B7F /* Release */,
			);
			defaultConfigurationIsVisible = 0;
			defaultConfigurationName = Release;
		};
/* End XCConfigurationList section */
	};
	rootObject = CC747A46252F03C1004D7B7F /* Project object */;
}
