// !$*UTF8*$!
{
	archiveVersion = 1;
	classes = {
	};
	objectVersion = 50;
	objects = {

/* Begin PBXBuildFile section */
		CCE74B6525C1758000639C4C /* IO WatchKit App.app in Embed Watch Content */ = {isa = PBXBuildFile; fileRef = CCE74B6425C1758000639C4C /* IO WatchKit App.app */; settings = {ATTRIBUTES = (RemoveHeadersOnCopy, ); }; };
		CCE74B6B25C1758000639C4C /* Interface.storyboard in Resources */ = {isa = PBXBuildFile; fileRef = CCE74B6925C1758000639C4C /* Interface.storyboard */; };
		CCE74B6D25C1758200639C4C /* Assets.xcassets in Resources */ = {isa = PBXBuildFile; fileRef = CCE74B6C25C1758200639C4C /* Assets.xcassets */; };
		CCE74B7425C1758200639C4C /* IO WatchKit Extension.appex in Embed App Extensions */ = {isa = PBXBuildFile; fileRef = CCE74B7325C1758200639C4C /* IO WatchKit Extension.appex */; settings = {ATTRIBUTES = (RemoveHeadersOnCopy, ); }; };
		CCE74B7925C1758200639C4C /* HostingController.swift in Sources */ = {isa = PBXBuildFile; fileRef = CCE74B7825C1758200639C4C /* HostingController.swift */; };
		CCE74B7D25C1758200639C4C /* ExtensionDelegate.swift in Sources */ = {isa = PBXBuildFile; fileRef = CCE74B7C25C1758200639C4C /* ExtensionDelegate.swift */; };
		CCE74B7F25C1758200639C4C /* NotificationController.swift in Sources */ = {isa = PBXBuildFile; fileRef = CCE74B7E25C1758200639C4C /* NotificationController.swift */; };
		CCE74B8125C1758200639C4C /* NotificationView.swift in Sources */ = {isa = PBXBuildFile; fileRef = CCE74B8025C1758200639C4C /* NotificationView.swift */; };
		CCE74B8325C1758200639C4C /* ComplicationController.swift in Sources */ = {isa = PBXBuildFile; fileRef = CCE74B8225C1758200639C4C /* ComplicationController.swift */; };
		CCE74B8525C1758300639C4C /* Assets.xcassets in Resources */ = {isa = PBXBuildFile; fileRef = CCE74B8425C1758300639C4C /* Assets.xcassets */; };
		CCE74B8825C1758300639C4C /* Preview Assets.xcassets in Resources */ = {isa = PBXBuildFile; fileRef = CCE74B8725C1758300639C4C /* Preview Assets.xcassets */; };
		CCE74BA725C1762600639C4C /* RelaxView.swift in Sources */ = {isa = PBXBuildFile; fileRef = CCE74BA225C1762500639C4C /* RelaxView.swift */; };
		CCE74BA825C1762600639C4C /* EnduranceView.swift in Sources */ = {isa = PBXBuildFile; fileRef = CCE74BA325C1762500639C4C /* EnduranceView.swift */; };
		CCE74BAA25C1762600639C4C /* ContentView.swift in Sources */ = {isa = PBXBuildFile; fileRef = CCE74BA525C1762600639C4C /* ContentView.swift */; };
		CCE74BC725C1771900639C4C /* ArticView.swift in Sources */ = {isa = PBXBuildFile; fileRef = CCE74BC625C1771900639C4C /* ArticView.swift */; };
		CCE74BD225C1778E00639C4C /* RoundRectangleButton.swift in Sources */ = {isa = PBXBuildFile; fileRef = CCE74BD025C1778E00639C4C /* RoundRectangleButton.swift */; };
		CCE74BD325C1778E00639C4C /* SettingsButton.swift in Sources */ = {isa = PBXBuildFile; fileRef = CCE74BD125C1778E00639C4C /* SettingsButton.swift */; };
		CCE74BF925C1788400639C4C /* InfoPlist.strings in Resources */ = {isa = PBXBuildFile; fileRef = CCE74BF825C1788400639C4C /* InfoPlist.strings */; };
		CCE74BFE25C178A500639C4C /* InfoPlist.strings in Resources */ = {isa = PBXBuildFile; fileRef = CCE74BFD25C178A500639C4C /* InfoPlist.strings */; };
		CCE74C0325C1821100639C4C /* Localizable.strings in Resources */ = {isa = PBXBuildFile; fileRef = CCE74C0225C1821100639C4C /* Localizable.strings */; };
		CCE74C0825C1834E00639C4C /* Color.swift in Sources */ = {isa = PBXBuildFile; fileRef = CCE74C0725C1834E00639C4C /* Color.swift */; };
		CCE74C0D25C1B75D00639C4C /* RelaxSettingsView.swift in Sources */ = {isa = PBXBuildFile; fileRef = CCE74C0C25C1B75C00639C4C /* RelaxSettingsView.swift */; };
		CCE74C1225C2954F00639C4C /* MinutePickerView.swift in Sources */ = {isa = PBXBuildFile; fileRef = CCE74C1125C2954F00639C4C /* MinutePickerView.swift */; };
/* End PBXBuildFile section */

/* Begin PBXContainerItemProxy section */
		CCE74B6625C1758000639C4C /* PBXContainerItemProxy */ = {
			isa = PBXContainerItemProxy;
			containerPortal = CC083C6F25BE353200FA733D /* Project object */;
			proxyType = 1;
			remoteGlobalIDString = CCE74B6325C1758000639C4C;
			remoteInfo = "IO WatchKit App";
		};
		CCE74B7525C1758200639C4C /* PBXContainerItemProxy */ = {
			isa = PBXContainerItemProxy;
			containerPortal = CC083C6F25BE353200FA733D /* Project object */;
			proxyType = 1;
			remoteGlobalIDString = CCE74B7225C1758200639C4C;
			remoteInfo = "IO WatchKit Extension";
		};
/* End PBXContainerItemProxy section */

/* Begin PBXCopyFilesBuildPhase section */
		CCE74B8E25C1758300639C4C /* Embed App Extensions */ = {
			isa = PBXCopyFilesBuildPhase;
			buildActionMask = 2147483647;
			dstPath = "";
			dstSubfolderSpec = 13;
			files = (
				CCE74B7425C1758200639C4C /* IO WatchKit Extension.appex in Embed App Extensions */,
			);
			name = "Embed App Extensions";
			runOnlyForDeploymentPostprocessing = 0;
		};
		CCE74B9225C1758300639C4C /* Embed Watch Content */ = {
			isa = PBXCopyFilesBuildPhase;
			buildActionMask = 2147483647;
			dstPath = "$(CONTENTS_FOLDER_PATH)/Watch";
			dstSubfolderSpec = 16;
			files = (
				CCE74B6525C1758000639C4C /* IO WatchKit App.app in Embed Watch Content */,
			);
			name = "Embed Watch Content";
			runOnlyForDeploymentPostprocessing = 0;
		};
/* End PBXCopyFilesBuildPhase section */

/* Begin PBXFileReference section */
		CCE74B6125C1758000639C4C /* IO.app */ = {isa = PBXFileReference; explicitFileType = wrapper.application; includeInIndex = 0; path = IO.app; sourceTree = BUILT_PRODUCTS_DIR; };
		CCE74B6425C1758000639C4C /* IO WatchKit App.app */ = {isa = PBXFileReference; explicitFileType = wrapper.application; includeInIndex = 0; path = "IO WatchKit App.app"; sourceTree = BUILT_PRODUCTS_DIR; };
		CCE74B6A25C1758000639C4C /* Base */ = {isa = PBXFileReference; lastKnownFileType = file.storyboard; name = Base; path = Base.lproj/Interface.storyboard; sourceTree = "<group>"; };
		CCE74B6C25C1758200639C4C /* Assets.xcassets */ = {isa = PBXFileReference; lastKnownFileType = folder.assetcatalog; path = Assets.xcassets; sourceTree = "<group>"; };
		CCE74B6E25C1758200639C4C /* Info.plist */ = {isa = PBXFileReference; lastKnownFileType = text.plist.xml; path = Info.plist; sourceTree = "<group>"; };
		CCE74B7325C1758200639C4C /* IO WatchKit Extension.appex */ = {isa = PBXFileReference; explicitFileType = "wrapper.app-extension"; includeInIndex = 0; path = "IO WatchKit Extension.appex"; sourceTree = BUILT_PRODUCTS_DIR; };
		CCE74B7825C1758200639C4C /* HostingController.swift */ = {isa = PBXFileReference; lastKnownFileType = sourcecode.swift; path = HostingController.swift; sourceTree = "<group>"; };
		CCE74B7C25C1758200639C4C /* ExtensionDelegate.swift */ = {isa = PBXFileReference; lastKnownFileType = sourcecode.swift; path = ExtensionDelegate.swift; sourceTree = "<group>"; };
		CCE74B7E25C1758200639C4C /* NotificationController.swift */ = {isa = PBXFileReference; lastKnownFileType = sourcecode.swift; path = NotificationController.swift; sourceTree = "<group>"; };
		CCE74B8025C1758200639C4C /* NotificationView.swift */ = {isa = PBXFileReference; lastKnownFileType = sourcecode.swift; path = NotificationView.swift; sourceTree = "<group>"; };
		CCE74B8225C1758200639C4C /* ComplicationController.swift */ = {isa = PBXFileReference; lastKnownFileType = sourcecode.swift; path = ComplicationController.swift; sourceTree = "<group>"; };
		CCE74B8425C1758300639C4C /* Assets.xcassets */ = {isa = PBXFileReference; lastKnownFileType = folder.assetcatalog; path = Assets.xcassets; sourceTree = "<group>"; };
		CCE74B8725C1758300639C4C /* Preview Assets.xcassets */ = {isa = PBXFileReference; lastKnownFileType = folder.assetcatalog; path = "Preview Assets.xcassets"; sourceTree = "<group>"; };
		CCE74B8925C1758300639C4C /* Info.plist */ = {isa = PBXFileReference; lastKnownFileType = text.plist.xml; path = Info.plist; sourceTree = "<group>"; };
		CCE74B8A25C1758300639C4C /* PushNotificationPayload.apns */ = {isa = PBXFileReference; lastKnownFileType = text; path = PushNotificationPayload.apns; sourceTree = "<group>"; };
		CCE74BA225C1762500639C4C /* RelaxView.swift */ = {isa = PBXFileReference; fileEncoding = 4; lastKnownFileType = sourcecode.swift; path = RelaxView.swift; sourceTree = "<group>"; };
		CCE74BA325C1762500639C4C /* EnduranceView.swift */ = {isa = PBXFileReference; fileEncoding = 4; lastKnownFileType = sourcecode.swift; path = EnduranceView.swift; sourceTree = "<group>"; };
		CCE74BA525C1762600639C4C /* ContentView.swift */ = {isa = PBXFileReference; fileEncoding = 4; lastKnownFileType = sourcecode.swift; path = ContentView.swift; sourceTree = "<group>"; };
		CCE74BC625C1771900639C4C /* ArticView.swift */ = {isa = PBXFileReference; fileEncoding = 4; lastKnownFileType = sourcecode.swift; path = ArticView.swift; sourceTree = "<group>"; };
		CCE74BD025C1778E00639C4C /* RoundRectangleButton.swift */ = {isa = PBXFileReference; fileEncoding = 4; lastKnownFileType = sourcecode.swift; path = RoundRectangleButton.swift; sourceTree = "<group>"; };
		CCE74BD125C1778E00639C4C /* SettingsButton.swift */ = {isa = PBXFileReference; fileEncoding = 4; lastKnownFileType = sourcecode.swift; path = SettingsButton.swift; sourceTree = "<group>"; };
		CCE74BF825C1788400639C4C /* InfoPlist.strings */ = {isa = PBXFileReference; lastKnownFileType = text.plist.strings; path = InfoPlist.strings; sourceTree = "<group>"; };
		CCE74BFD25C178A500639C4C /* InfoPlist.strings */ = {isa = PBXFileReference; lastKnownFileType = text.plist.strings; path = InfoPlist.strings; sourceTree = "<group>"; };
		CCE74C0225C1821100639C4C /* Localizable.strings */ = {isa = PBXFileReference; fileEncoding = 4; lastKnownFileType = text.plist.strings; path = Localizable.strings; sourceTree = "<group>"; };
		CCE74C0725C1834E00639C4C /* Color.swift */ = {isa = PBXFileReference; lastKnownFileType = sourcecode.swift; path = Color.swift; sourceTree = "<group>"; };
		CCE74C0C25C1B75C00639C4C /* RelaxSettingsView.swift */ = {isa = PBXFileReference; lastKnownFileType = sourcecode.swift; path = RelaxSettingsView.swift; sourceTree = "<group>"; };
		CCE74C1125C2954F00639C4C /* MinutePickerView.swift */ = {isa = PBXFileReference; lastKnownFileType = sourcecode.swift; path = MinutePickerView.swift; sourceTree = "<group>"; };
/* End PBXFileReference section */

/* Begin PBXFrameworksBuildPhase section */
		CCE74B7025C1758200639C4C /* Frameworks */ = {
			isa = PBXFrameworksBuildPhase;
			buildActionMask = 2147483647;
			files = (
			);
			runOnlyForDeploymentPostprocessing = 0;
		};
/* End PBXFrameworksBuildPhase section */

/* Begin PBXGroup section */
		CC083C6E25BE353200FA733D = {
			isa = PBXGroup;
			children = (
				CCE74B6825C1758000639C4C /* IO WatchKit App */,
				CCE74B7725C1758200639C4C /* IO WatchKit Extension */,
				CC083C7625BE353200FA733D /* Products */,
			);
			sourceTree = "<group>";
		};
		CC083C7625BE353200FA733D /* Products */ = {
			isa = PBXGroup;
			children = (
				CCE74B6125C1758000639C4C /* IO.app */,
				CCE74B6425C1758000639C4C /* IO WatchKit App.app */,
				CCE74B7325C1758200639C4C /* IO WatchKit Extension.appex */,
			);
			name = Products;
			sourceTree = "<group>";
		};
		CCE74B6825C1758000639C4C /* IO WatchKit App */ = {
			isa = PBXGroup;
			children = (
				CCE74B6925C1758000639C4C /* Interface.storyboard */,
				CCE74B6C25C1758200639C4C /* Assets.xcassets */,
				CCE74B6E25C1758200639C4C /* Info.plist */,
				CCE74BFD25C178A500639C4C /* InfoPlist.strings */,
			);
			path = "IO WatchKit App";
			sourceTree = "<group>";
		};
		CCE74B7725C1758200639C4C /* IO WatchKit Extension */ = {
			isa = PBXGroup;
			children = (
				CCE74B7C25C1758200639C4C /* ExtensionDelegate.swift */,
				CCE74BB225C1763A00639C4C /* Controllers */,
				CCE74BCE25C1772600639C4C /* Views */,
				CCE74B8425C1758300639C4C /* Assets.xcassets */,
				CCE74C0225C1821100639C4C /* Localizable.strings */,
				CCE74B8925C1758300639C4C /* Info.plist */,
				CCE74B8A25C1758300639C4C /* PushNotificationPayload.apns */,
				CCE74B8625C1758300639C4C /* Preview Content */,
				CCE74BF825C1788400639C4C /* InfoPlist.strings */,
				CCE74C0725C1834E00639C4C /* Color.swift */,
			);
			path = "IO WatchKit Extension";
			sourceTree = "<group>";
		};
		CCE74B8625C1758300639C4C /* Preview Content */ = {
			isa = PBXGroup;
			children = (
				CCE74B8725C1758300639C4C /* Preview Assets.xcassets */,
			);
			path = "Preview Content";
			sourceTree = "<group>";
		};
		CCE74BB225C1763A00639C4C /* Controllers */ = {
			isa = PBXGroup;
			children = (
				CCE74B8225C1758200639C4C /* ComplicationController.swift */,
				CCE74B7825C1758200639C4C /* HostingController.swift */,
				CCE74B7E25C1758200639C4C /* NotificationController.swift */,
			);
			name = Controllers;
			sourceTree = "<group>";
		};
		CCE74BCE25C1772600639C4C /* Views */ = {
			isa = PBXGroup;
			children = (
				CCE74BCF25C1775000639C4C /* Controls */,
				CCE74BC625C1771900639C4C /* ArticView.swift */,
				CCE74B8025C1758200639C4C /* NotificationView.swift */,
				CCE74BA525C1762600639C4C /* ContentView.swift */,
				CCE74BA325C1762500639C4C /* EnduranceView.swift */,
				CCE74BA225C1762500639C4C /* RelaxView.swift */,
				CCE74C0C25C1B75C00639C4C /* RelaxSettingsView.swift */,
			);
			name = Views;
			sourceTree = "<group>";
		};
		CCE74BCF25C1775000639C4C /* Controls */ = {
			isa = PBXGroup;
			children = (
				CCE74BD025C1778E00639C4C /* RoundRectangleButton.swift */,
				CCE74BD125C1778E00639C4C /* SettingsButton.swift */,
				CCE74C1125C2954F00639C4C /* MinutePickerView.swift */,
			);
			name = Controls;
			sourceTree = "<group>";
		};
/* End PBXGroup section */

/* Begin PBXNativeTarget section */
		CCE74B6025C1758000639C4C /* IO */ = {
			isa = PBXNativeTarget;
			buildConfigurationList = CCE74B9325C1758300639C4C /* Build configuration list for PBXNativeTarget "IO" */;
			buildPhases = (
				CCE74B5F25C1758000639C4C /* Resources */,
				CCE74B9225C1758300639C4C /* Embed Watch Content */,
			);
			buildRules = (
			);
			dependencies = (
				CCE74B6725C1758000639C4C /* PBXTargetDependency */,
			);
			name = IO;
			productName = IO;
			productReference = CCE74B6125C1758000639C4C /* IO.app */;
			productType = "com.apple.product-type.application.watchapp2-container";
		};
		CCE74B6325C1758000639C4C /* IO WatchKit App */ = {
			isa = PBXNativeTarget;
			buildConfigurationList = CCE74B8F25C1758300639C4C /* Build configuration list for PBXNativeTarget "IO WatchKit App" */;
			buildPhases = (
				CCE74B6225C1758000639C4C /* Resources */,
				CCE74B8E25C1758300639C4C /* Embed App Extensions */,
			);
			buildRules = (
			);
			dependencies = (
				CCE74B7625C1758200639C4C /* PBXTargetDependency */,
			);
			name = "IO WatchKit App";
			productName = "IO WatchKit App";
			productReference = CCE74B6425C1758000639C4C /* IO WatchKit App.app */;
			productType = "com.apple.product-type.application.watchapp2";
		};
		CCE74B7225C1758200639C4C /* IO WatchKit Extension */ = {
			isa = PBXNativeTarget;
			buildConfigurationList = CCE74B8B25C1758300639C4C /* Build configuration list for PBXNativeTarget "IO WatchKit Extension" */;
			buildPhases = (
				CCE74B6F25C1758200639C4C /* Sources */,
				CCE74B7025C1758200639C4C /* Frameworks */,
				CCE74B7125C1758200639C4C /* Resources */,
			);
			buildRules = (
			);
			dependencies = (
			);
			name = "IO WatchKit Extension";
			productName = "IO WatchKit Extension";
			productReference = CCE74B7325C1758200639C4C /* IO WatchKit Extension.appex */;
			productType = "com.apple.product-type.watchkit2-extension";
		};
/* End PBXNativeTarget section */

/* Begin PBXProject section */
		CC083C6F25BE353200FA733D /* Project object */ = {
			isa = PBXProject;
			attributes = {
				LastSwiftUpdateCheck = 1230;
				LastUpgradeCheck = 1230;
				TargetAttributes = {
					CCE74B6025C1758000639C4C = {
						CreatedOnToolsVersion = 12.3;
					};
					CCE74B6325C1758000639C4C = {
						CreatedOnToolsVersion = 12.3;
					};
					CCE74B7225C1758200639C4C = {
						CreatedOnToolsVersion = 12.3;
					};
				};
			};
			buildConfigurationList = CC083C7225BE353200FA733D /* Build configuration list for PBXProject "FocalBreathing" */;
			compatibilityVersion = "Xcode 9.3";
			developmentRegion = en;
			hasScannedForEncodings = 0;
			knownRegions = (
				en,
				Base,
			);
			mainGroup = CC083C6E25BE353200FA733D;
			productRefGroup = CC083C7625BE353200FA733D /* Products */;
			projectDirPath = "";
			projectRoot = "";
			targets = (
				CCE74B6025C1758000639C4C /* IO */,
				CCE74B6325C1758000639C4C /* IO WatchKit App */,
				CCE74B7225C1758200639C4C /* IO WatchKit Extension */,
			);
		};
/* End PBXProject section */

/* Begin PBXResourcesBuildPhase section */
		CCE74B5F25C1758000639C4C /* Resources */ = {
			isa = PBXResourcesBuildPhase;
			buildActionMask = 2147483647;
			files = (
			);
			runOnlyForDeploymentPostprocessing = 0;
		};
		CCE74B6225C1758000639C4C /* Resources */ = {
			isa = PBXResourcesBuildPhase;
			buildActionMask = 2147483647;
			files = (
				CCE74B6D25C1758200639C4C /* Assets.xcassets in Resources */,
				CCE74BFE25C178A500639C4C /* InfoPlist.strings in Resources */,
				CCE74B6B25C1758000639C4C /* Interface.storyboard in Resources */,
			);
			runOnlyForDeploymentPostprocessing = 0;
		};
		CCE74B7125C1758200639C4C /* Resources */ = {
			isa = PBXResourcesBuildPhase;
			buildActionMask = 2147483647;
			files = (
				CCE74B8825C1758300639C4C /* Preview Assets.xcassets in Resources */,
				CCE74C0325C1821100639C4C /* Localizable.strings in Resources */,
				CCE74BF925C1788400639C4C /* InfoPlist.strings in Resources */,
				CCE74B8525C1758300639C4C /* Assets.xcassets in Resources */,
			);
			runOnlyForDeploymentPostprocessing = 0;
		};
/* End PBXResourcesBuildPhase section */

/* Begin PBXSourcesBuildPhase section */
		CCE74B6F25C1758200639C4C /* Sources */ = {
			isa = PBXSourcesBuildPhase;
			buildActionMask = 2147483647;
			files = (
				CCE74B7925C1758200639C4C /* HostingController.swift in Sources */,
				CCE74B7F25C1758200639C4C /* NotificationController.swift in Sources */,
				CCE74C0D25C1B75D00639C4C /* RelaxSettingsView.swift in Sources */,
				CCE74B7D25C1758200639C4C /* ExtensionDelegate.swift in Sources */,
				CCE74C1225C2954F00639C4C /* MinutePickerView.swift in Sources */,
				CCE74BA725C1762600639C4C /* RelaxView.swift in Sources */,
				CCE74BD225C1778E00639C4C /* RoundRectangleButton.swift in Sources */,
				CCE74C0825C1834E00639C4C /* Color.swift in Sources */,
				CCE74B8125C1758200639C4C /* NotificationView.swift in Sources */,
				CCE74BAA25C1762600639C4C /* ContentView.swift in Sources */,
				CCE74BC725C1771900639C4C /* ArticView.swift in Sources */,
				CCE74B8325C1758200639C4C /* ComplicationController.swift in Sources */,
				CCE74BD325C1778E00639C4C /* SettingsButton.swift in Sources */,
				CCE74BA825C1762600639C4C /* EnduranceView.swift in Sources */,
			);
			runOnlyForDeploymentPostprocessing = 0;
		};
/* End PBXSourcesBuildPhase section */

/* Begin PBXTargetDependency section */
		CCE74B6725C1758000639C4C /* PBXTargetDependency */ = {
			isa = PBXTargetDependency;
			target = CCE74B6325C1758000639C4C /* IO WatchKit App */;
			targetProxy = CCE74B6625C1758000639C4C /* PBXContainerItemProxy */;
		};
		CCE74B7625C1758200639C4C /* PBXTargetDependency */ = {
			isa = PBXTargetDependency;
			target = CCE74B7225C1758200639C4C /* IO WatchKit Extension */;
			targetProxy = CCE74B7525C1758200639C4C /* PBXContainerItemProxy */;
		};
/* End PBXTargetDependency section */

/* Begin PBXVariantGroup section */
		CCE74B6925C1758000639C4C /* Interface.storyboard */ = {
			isa = PBXVariantGroup;
			children = (
				CCE74B6A25C1758000639C4C /* Base */,
			);
			name = Interface.storyboard;
			sourceTree = "<group>";
		};
/* End PBXVariantGroup section */

/* Begin XCBuildConfiguration section */
		CC083CA025BE353500FA733D /* Debug */ = {
			isa = XCBuildConfiguration;
			buildSettings = {
				ALWAYS_SEARCH_USER_PATHS = NO;
				CLANG_ANALYZER_LOCALIZABILITY_NONLOCALIZED = YES;
				CLANG_ANALYZER_NONNULL = YES;
				CLANG_ANALYZER_NUMBER_OBJECT_CONVERSION = YES_AGGRESSIVE;
				CLANG_CXX_LANGUAGE_STANDARD = "gnu++14";
				CLANG_CXX_LIBRARY = "libc++";
				CLANG_ENABLE_MODULES = YES;
				CLANG_ENABLE_OBJC_ARC = YES;
				CLANG_ENABLE_OBJC_WEAK = YES;
				CLANG_WARN_BLOCK_CAPTURE_AUTORELEASING = YES;
				CLANG_WARN_BOOL_CONVERSION = YES;
				CLANG_WARN_COMMA = YES;
				CLANG_WARN_CONSTANT_CONVERSION = YES;
				CLANG_WARN_DEPRECATED_OBJC_IMPLEMENTATIONS = YES;
				CLANG_WARN_DIRECT_OBJC_ISA_USAGE = YES_ERROR;
				CLANG_WARN_DOCUMENTATION_COMMENTS = YES;
				CLANG_WARN_EMPTY_BODY = YES;
				CLANG_WARN_ENUM_CONVERSION = YES;
				CLANG_WARN_INFINITE_RECURSION = YES;
				CLANG_WARN_INT_CONVERSION = YES;
				CLANG_WARN_NON_LITERAL_NULL_CONVERSION = YES;
				CLANG_WARN_OBJC_IMPLICIT_RETAIN_SELF = YES;
				CLANG_WARN_OBJC_LITERAL_CONVERSION = YES;
				CLANG_WARN_OBJC_ROOT_CLASS = YES_ERROR;
				CLANG_WARN_QUOTED_INCLUDE_IN_FRAMEWORK_HEADER = YES;
				CLANG_WARN_RANGE_LOOP_ANALYSIS = YES;
				CLANG_WARN_STRICT_PROTOTYPES = YES;
				CLANG_WARN_SUSPICIOUS_MOVE = YES;
				CLANG_WARN_UNGUARDED_AVAILABILITY = YES_AGGRESSIVE;
				CLANG_WARN_UNREACHABLE_CODE = YES;
				CLANG_WARN__DUPLICATE_METHOD_MATCH = YES;
				COPY_PHASE_STRIP = NO;
				DEBUG_INFORMATION_FORMAT = dwarf;
				ENABLE_STRICT_OBJC_MSGSEND = YES;
				ENABLE_TESTABILITY = YES;
				GCC_C_LANGUAGE_STANDARD = gnu11;
				GCC_DYNAMIC_NO_PIC = NO;
				GCC_NO_COMMON_BLOCKS = YES;
				GCC_OPTIMIZATION_LEVEL = 0;
				GCC_PREPROCESSOR_DEFINITIONS = (
					"DEBUG=1",
					"$(inherited)",
				);
				GCC_WARN_64_TO_32_BIT_CONVERSION = YES;
				GCC_WARN_ABOUT_RETURN_TYPE = YES_ERROR;
				GCC_WARN_UNDECLARED_SELECTOR = YES;
				GCC_WARN_UNINITIALIZED_AUTOS = YES_AGGRESSIVE;
				GCC_WARN_UNUSED_FUNCTION = YES;
				GCC_WARN_UNUSED_VARIABLE = YES;
				MTL_ENABLE_DEBUG_INFO = INCLUDE_SOURCE;
				MTL_FAST_MATH = YES;
				ONLY_ACTIVE_ARCH = YES;
				SDKROOT = iphoneos;
				SWIFT_ACTIVE_COMPILATION_CONDITIONS = DEBUG;
				SWIFT_OPTIMIZATION_LEVEL = "-Onone";
			};
			name = Debug;
		};
		CC083CA125BE353500FA733D /* Release */ = {
			isa = XCBuildConfiguration;
			buildSettings = {
				ALWAYS_SEARCH_USER_PATHS = NO;
				CLANG_ANALYZER_LOCALIZABILITY_NONLOCALIZED = YES;
				CLANG_ANALYZER_NONNULL = YES;
				CLANG_ANALYZER_NUMBER_OBJECT_CONVERSION = YES_AGGRESSIVE;
				CLANG_CXX_LANGUAGE_STANDARD = "gnu++14";
				CLANG_CXX_LIBRARY = "libc++";
				CLANG_ENABLE_MODULES = YES;
				CLANG_ENABLE_OBJC_ARC = YES;
				CLANG_ENABLE_OBJC_WEAK = YES;
				CLANG_WARN_BLOCK_CAPTURE_AUTORELEASING = YES;
				CLANG_WARN_BOOL_CONVERSION = YES;
				CLANG_WARN_COMMA = YES;
				CLANG_WARN_CONSTANT_CONVERSION = YES;
				CLANG_WARN_DEPRECATED_OBJC_IMPLEMENTATIONS = YES;
				CLANG_WARN_DIRECT_OBJC_ISA_USAGE = YES_ERROR;
				CLANG_WARN_DOCUMENTATION_COMMENTS = YES;
				CLANG_WARN_EMPTY_BODY = YES;
				CLANG_WARN_ENUM_CONVERSION = YES;
				CLANG_WARN_INFINITE_RECURSION = YES;
				CLANG_WARN_INT_CONVERSION = YES;
				CLANG_WARN_NON_LITERAL_NULL_CONVERSION = YES;
				CLANG_WARN_OBJC_IMPLICIT_RETAIN_SELF = YES;
				CLANG_WARN_OBJC_LITERAL_CONVERSION = YES;
				CLANG_WARN_OBJC_ROOT_CLASS = YES_ERROR;
				CLANG_WARN_QUOTED_INCLUDE_IN_FRAMEWORK_HEADER = YES;
				CLANG_WARN_RANGE_LOOP_ANALYSIS = YES;
				CLANG_WARN_STRICT_PROTOTYPES = YES;
				CLANG_WARN_SUSPICIOUS_MOVE = YES;
				CLANG_WARN_UNGUARDED_AVAILABILITY = YES_AGGRESSIVE;
				CLANG_WARN_UNREACHABLE_CODE = YES;
				CLANG_WARN__DUPLICATE_METHOD_MATCH = YES;
				COPY_PHASE_STRIP = NO;
				DEBUG_INFORMATION_FORMAT = "dwarf-with-dsym";
				ENABLE_NS_ASSERTIONS = NO;
				ENABLE_STRICT_OBJC_MSGSEND = YES;
				GCC_C_LANGUAGE_STANDARD = gnu11;
				GCC_NO_COMMON_BLOCKS = YES;
				GCC_WARN_64_TO_32_BIT_CONVERSION = YES;
				GCC_WARN_ABOUT_RETURN_TYPE = YES_ERROR;
				GCC_WARN_UNDECLARED_SELECTOR = YES;
				GCC_WARN_UNINITIALIZED_AUTOS = YES_AGGRESSIVE;
				GCC_WARN_UNUSED_FUNCTION = YES;
				GCC_WARN_UNUSED_VARIABLE = YES;
				MTL_ENABLE_DEBUG_INFO = NO;
				MTL_FAST_MATH = YES;
				SDKROOT = iphoneos;
				SWIFT_COMPILATION_MODE = wholemodule;
				SWIFT_OPTIMIZATION_LEVEL = "-O";
				VALIDATE_PRODUCT = YES;
			};
			name = Release;
		};
		CCE74B8C25C1758300639C4C /* Debug */ = {
			isa = XCBuildConfiguration;
			buildSettings = {
				ASSETCATALOG_COMPILER_COMPLICATION_NAME = Complication;
				CODE_SIGN_STYLE = Automatic;
				DEVELOPMENT_ASSET_PATHS = "\"IO WatchKit Extension/Preview Content\"";
				DEVELOPMENT_TEAM = PC4UNNP43Y;
				ENABLE_PREVIEWS = YES;
				INFOPLIST_FILE = "IO WatchKit Extension/Info.plist";
				LD_RUNPATH_SEARCH_PATHS = (
					"$(inherited)",
					"@executable_path/Frameworks",
					"@executable_path/../../Frameworks",
				);
				PRODUCT_BUNDLE_IDENTIFIER = games.greenfarm.IO.watchkitapp.watchkitextension;
				PRODUCT_NAME = "${TARGET_NAME}";
				SDKROOT = watchos;
				SKIP_INSTALL = YES;
				SWIFT_VERSION = 5.0;
				TARGETED_DEVICE_FAMILY = 4;
				WATCHOS_DEPLOYMENT_TARGET = 7.2;
			};
			name = Debug;
		};
		CCE74B8D25C1758300639C4C /* Release */ = {
			isa = XCBuildConfiguration;
			buildSettings = {
				ASSETCATALOG_COMPILER_COMPLICATION_NAME = Complication;
				CODE_SIGN_STYLE = Automatic;
				DEVELOPMENT_ASSET_PATHS = "\"IO WatchKit Extension/Preview Content\"";
				DEVELOPMENT_TEAM = PC4UNNP43Y;
				ENABLE_PREVIEWS = YES;
				INFOPLIST_FILE = "IO WatchKit Extension/Info.plist";
				LD_RUNPATH_SEARCH_PATHS = (
					"$(inherited)",
					"@executable_path/Frameworks",
					"@executable_path/../../Frameworks",
				);
				PRODUCT_BUNDLE_IDENTIFIER = games.greenfarm.IO.watchkitapp.watchkitextension;
				PRODUCT_NAME = "${TARGET_NAME}";
				SDKROOT = watchos;
				SKIP_INSTALL = YES;
				SWIFT_VERSION = 5.0;
				TARGETED_DEVICE_FAMILY = 4;
				WATCHOS_DEPLOYMENT_TARGET = 7.2;
			};
			name = Release;
		};
		CCE74B9025C1758300639C4C /* Debug */ = {
			isa = XCBuildConfiguration;
			buildSettings = {
				ALWAYS_EMBED_SWIFT_STANDARD_LIBRARIES = YES;
				ASSETCATALOG_COMPILER_APPICON_NAME = AppIcon;
				ASSETCATALOG_COMPILER_GLOBAL_ACCENT_COLOR_NAME = AccentColor;
				CODE_SIGN_STYLE = Automatic;
				DEVELOPMENT_TEAM = PC4UNNP43Y;
				IBSC_MODULE = IO_WatchKit_Extension;
				INFOPLIST_FILE = "IO WatchKit App/Info.plist";
				PRODUCT_BUNDLE_IDENTIFIER = games.greenfarm.IO.watchkitapp;
				PRODUCT_NAME = "$(TARGET_NAME)";
				SDKROOT = watchos;
				SKIP_INSTALL = YES;
				SWIFT_VERSION = 5.0;
				TARGETED_DEVICE_FAMILY = 4;
				WATCHOS_DEPLOYMENT_TARGET = 7.2;
			};
			name = Debug;
		};
		CCE74B9125C1758300639C4C /* Release */ = {
			isa = XCBuildConfiguration;
			buildSettings = {
				ALWAYS_EMBED_SWIFT_STANDARD_LIBRARIES = YES;
				ASSETCATALOG_COMPILER_APPICON_NAME = AppIcon;
				ASSETCATALOG_COMPILER_GLOBAL_ACCENT_COLOR_NAME = AccentColor;
				CODE_SIGN_STYLE = Automatic;
				DEVELOPMENT_TEAM = PC4UNNP43Y;
				IBSC_MODULE = IO_WatchKit_Extension;
				INFOPLIST_FILE = "IO WatchKit App/Info.plist";
				PRODUCT_BUNDLE_IDENTIFIER = games.greenfarm.IO.watchkitapp;
				PRODUCT_NAME = "$(TARGET_NAME)";
				SDKROOT = watchos;
				SKIP_INSTALL = YES;
				SWIFT_VERSION = 5.0;
				TARGETED_DEVICE_FAMILY = 4;
				WATCHOS_DEPLOYMENT_TARGET = 7.2;
			};
			name = Release;
		};
		CCE74B9425C1758300639C4C /* Debug */ = {
			isa = XCBuildConfiguration;
			buildSettings = {
				CODE_SIGN_STYLE = Automatic;
				CURRENT_PROJECT_VERSION = 1;
				DEVELOPMENT_TEAM = PC4UNNP43Y;
				MARKETING_VERSION = 1.0;
				PRODUCT_BUNDLE_IDENTIFIER = games.greenfarm.IO;
				PRODUCT_NAME = "$(TARGET_NAME)";
				SWIFT_VERSION = 5.0;
			};
			name = Debug;
		};
		CCE74B9525C1758300639C4C /* Release */ = {
			isa = XCBuildConfiguration;
			buildSettings = {
				CODE_SIGN_STYLE = Automatic;
				CURRENT_PROJECT_VERSION = 1;
				DEVELOPMENT_TEAM = PC4UNNP43Y;
				MARKETING_VERSION = 1.0;
				PRODUCT_BUNDLE_IDENTIFIER = games.greenfarm.IO;
				PRODUCT_NAME = "$(TARGET_NAME)";
				SWIFT_VERSION = 5.0;
			};
			name = Release;
		};
/* End XCBuildConfiguration section */

/* Begin XCConfigurationList section */
		CC083C7225BE353200FA733D /* Build configuration list for PBXProject "FocalBreathing" */ = {
			isa = XCConfigurationList;
			buildConfigurations = (
				CC083CA025BE353500FA733D /* Debug */,
				CC083CA125BE353500FA733D /* Release */,
			);
			defaultConfigurationIsVisible = 0;
			defaultConfigurationName = Release;
		};
		CCE74B8B25C1758300639C4C /* Build configuration list for PBXNativeTarget "IO WatchKit Extension" */ = {
			isa = XCConfigurationList;
			buildConfigurations = (
				CCE74B8C25C1758300639C4C /* Debug */,
				CCE74B8D25C1758300639C4C /* Release */,
			);
			defaultConfigurationIsVisible = 0;
			defaultConfigurationName = Release;
		};
		CCE74B8F25C1758300639C4C /* Build configuration list for PBXNativeTarget "IO WatchKit App" */ = {
			isa = XCConfigurationList;
			buildConfigurations = (
				CCE74B9025C1758300639C4C /* Debug */,
				CCE74B9125C1758300639C4C /* Release */,
			);
			defaultConfigurationIsVisible = 0;
			defaultConfigurationName = Release;
		};
		CCE74B9325C1758300639C4C /* Build configuration list for PBXNativeTarget "IO" */ = {
			isa = XCConfigurationList;
			buildConfigurations = (
				CCE74B9425C1758300639C4C /* Debug */,
				CCE74B9525C1758300639C4C /* Release */,
			);
			defaultConfigurationIsVisible = 0;
			defaultConfigurationName = Release;
		};
/* End XCConfigurationList section */
	};
	rootObject = CC083C6F25BE353200FA733D /* Project object */;
}
