// !$*UTF8*$!
{
	archiveVersion = 1;
	classes = {
	};
	objectVersion = 50;
	objects = {

/* Begin PBXBuildFile section */
		CC511F122447630F0077EF4F /* AppDelegate.swift in Sources */ = {isa = PBXBuildFile; fileRef = CC511F112447630F0077EF4F /* AppDelegate.swift */; };
		CC511F142447630F0077EF4F /* SceneDelegate.swift in Sources */ = {isa = PBXBuildFile; fileRef = CC511F132447630F0077EF4F /* SceneDelegate.swift */; };
		CC511F172447630F0077EF4F /* PaulHudsonCards.xcdatamodeld in Sources */ = {isa = PBXBuildFile; fileRef = CC511F152447630F0077EF4F /* PaulHudsonCards.xcdatamodeld */; };
		CC511F192447630F0077EF4F /* ContentView.swift in Sources */ = {isa = PBXBuildFile; fileRef = CC511F182447630F0077EF4F /* ContentView.swift */; };
		CC511F1B244763140077EF4F /* Assets.xcassets in Resources */ = {isa = PBXBuildFile; fileRef = CC511F1A244763140077EF4F /* Assets.xcassets */; };
		CC511F1E244763140077EF4F /* Preview Assets.xcassets in Resources */ = {isa = PBXBuildFile; fileRef = CC511F1D244763140077EF4F /* Preview Assets.xcassets */; };
		CC511F21244763140077EF4F /* LaunchScreen.storyboard in Resources */ = {isa = PBXBuildFile; fileRef = CC511F1F244763140077EF4F /* LaunchScreen.storyboard */; };
/* End PBXBuildFile section */

/* Begin PBXFileReference section */
		CC511F0E2447630F0077EF4F /* PaulHudsonCards.app */ = {isa = PBXFileReference; explicitFileType = wrapper.application; includeInIndex = 0; path = PaulHudsonCards.app; sourceTree = BUILT_PRODUCTS_DIR; };
		CC511F112447630F0077EF4F /* AppDelegate.swift */ = {isa = PBXFileReference; lastKnownFileType = sourcecode.swift; path = AppDelegate.swift; sourceTree = "<group>"; };
		CC511F132447630F0077EF4F /* SceneDelegate.swift */ = {isa = PBXFileReference; lastKnownFileType = sourcecode.swift; path = SceneDelegate.swift; sourceTree = "<group>"; };
		CC511F162447630F0077EF4F /* PaulHudsonCards.xcdatamodel */ = {isa = PBXFileReference; lastKnownFileType = wrapper.xcdatamodel; path = PaulHudsonCards.xcdatamodel; sourceTree = "<group>"; };
		CC511F182447630F0077EF4F /* ContentView.swift */ = {isa = PBXFileReference; lastKnownFileType = sourcecode.swift; path = ContentView.swift; sourceTree = "<group>"; };
		CC511F1A244763140077EF4F /* Assets.xcassets */ = {isa = PBXFileReference; lastKnownFileType = folder.assetcatalog; path = Assets.xcassets; sourceTree = "<group>"; };
		CC511F1D244763140077EF4F /* Preview Assets.xcassets */ = {isa = PBXFileReference; lastKnownFileType = folder.assetcatalog; path = "Preview Assets.xcassets"; sourceTree = "<group>"; };
		CC511F20244763140077EF4F /* Base */ = {isa = PBXFileReference; lastKnownFileType = file.storyboard; name = Base; path = Base.lproj/LaunchScreen.storyboard; sourceTree = "<group>"; };
		CC511F22244763140077EF4F /* Info.plist */ = {isa = PBXFileReference; lastKnownFileType = text.plist.xml; path = Info.plist; sourceTree = "<group>"; };
/* End PBXFileReference section */

/* Begin PBXFrameworksBuildPhase section */
		CC511F0B2447630F0077EF4F /* Frameworks */ = {
			isa = PBXFrameworksBuildPhase;
			buildActionMask = 2147483647;
			files = (
			);
			runOnlyForDeploymentPostprocessing = 0;
		};
/* End PBXFrameworksBuildPhase section */

/* Begin PBXGroup section */
		CC511F052447630F0077EF4F = {
			isa = PBXGroup;
			children = (
				CC511F102447630F0077EF4F /* PaulHudsonCards */,
				CC511F0F2447630F0077EF4F /* Products */,
			);
			sourceTree = "<group>";
		};
		CC511F0F2447630F0077EF4F /* Products */ = {
			isa = PBXGroup;
			children = (
				CC511F0E2447630F0077EF4F /* PaulHudsonCards.app */,
			);
			name = Products;
			sourceTree = "<group>";
		};
		CC511F102447630F0077EF4F /* PaulHudsonCards */ = {
			isa = PBXGroup;
			children = (
				CC511F112447630F0077EF4F /* AppDelegate.swift */,
				CC511F132447630F0077EF4F /* SceneDelegate.swift */,
				CC511F182447630F0077EF4F /* ContentView.swift */,
				CC511F1A244763140077EF4F /* Assets.xcassets */,
				CC511F1F244763140077EF4F /* LaunchScreen.storyboard */,
				CC511F22244763140077EF4F /* Info.plist */,
				CC511F152447630F0077EF4F /* PaulHudsonCards.xcdatamodeld */,
				CC511F1C244763140077EF4F /* Preview Content */,
			);
			path = PaulHudsonCards;
			sourceTree = "<group>";
		};
		CC511F1C244763140077EF4F /* Preview Content */ = {
			isa = PBXGroup;
			children = (
				CC511F1D244763140077EF4F /* Preview Assets.xcassets */,
			);
			path = "Preview Content";
			sourceTree = "<group>";
		};
/* End PBXGroup section */

/* Begin PBXNativeTarget section */
		CC511F0D2447630F0077EF4F /* PaulHudsonCards */ = {
			isa = PBXNativeTarget;
			buildConfigurationList = CC511F25244763140077EF4F /* Build configuration list for PBXNativeTarget "PaulHudsonCards" */;
			buildPhases = (
				CC511F0A2447630F0077EF4F /* Sources */,
				CC511F0B2447630F0077EF4F /* Frameworks */,
				CC511F0C2447630F0077EF4F /* Resources */,
			);
			buildRules = (
			);
			dependencies = (
			);
			name = PaulHudsonCards;
			productName = PaulHudsonCards;
			productReference = CC511F0E2447630F0077EF4F /* PaulHudsonCards.app */;
			productType = "com.apple.product-type.application";
		};
/* End PBXNativeTarget section */

/* Begin PBXProject section */
		CC511F062447630F0077EF4F /* Project object */ = {
			isa = PBXProject;
			attributes = {
				LastSwiftUpdateCheck = 1130;
				LastUpgradeCheck = 1130;
				ORGANIZATIONNAME = "Ashlee Muscroft";
				TargetAttributes = {
					CC511F0D2447630F0077EF4F = {
						CreatedOnToolsVersion = 11.3.1;
					};
				};
			};
			buildConfigurationList = CC511F092447630F0077EF4F /* Build configuration list for PBXProject "PaulHudsonCards" */;
			compatibilityVersion = "Xcode 9.3";
			developmentRegion = en;
			hasScannedForEncodings = 0;
			knownRegions = (
				en,
				Base,
			);
			mainGroup = CC511F052447630F0077EF4F;
			productRefGroup = CC511F0F2447630F0077EF4F /* Products */;
			projectDirPath = "";
			projectRoot = "";
			targets = (
				CC511F0D2447630F0077EF4F /* PaulHudsonCards */,
			);
		};
/* End PBXProject section */

/* Begin PBXResourcesBuildPhase section */
		CC511F0C2447630F0077EF4F /* Resources */ = {
			isa = PBXResourcesBuildPhase;
			buildActionMask = 2147483647;
			files = (
				CC511F21244763140077EF4F /* LaunchScreen.storyboard in Resources */,
				CC511F1E244763140077EF4F /* Preview Assets.xcassets in Resources */,
				CC511F1B244763140077EF4F /* Assets.xcassets in Resources */,
			);
			runOnlyForDeploymentPostprocessing = 0;
		};
/* End PBXResourcesBuildPhase section */

/* Begin PBXSourcesBuildPhase section */
		CC511F0A2447630F0077EF4F /* Sources */ = {
			isa = PBXSourcesBuildPhase;
			buildActionMask = 2147483647;
			files = (
				CC511F172447630F0077EF4F /* PaulHudsonCards.xcdatamodeld in Sources */,
				CC511F122447630F0077EF4F /* AppDelegate.swift in Sources */,
				CC511F192447630F0077EF4F /* ContentView.swift in Sources */,
				CC511F142447630F0077EF4F /* SceneDelegate.swift in Sources */,
			);
			runOnlyForDeploymentPostprocessing = 0;
		};
/* End PBXSourcesBuildPhase section */

/* Begin PBXVariantGroup section */
		CC511F1F244763140077EF4F /* LaunchScreen.storyboard */ = {
			isa = PBXVariantGroup;
			children = (
				CC511F20244763140077EF4F /* Base */,
			);
			name = LaunchScreen.storyboard;
			sourceTree = "<group>";
		};
/* End PBXVariantGroup section */

/* Begin XCBuildConfiguration section */
		CC511F23244763140077EF4F /* Debug */ = {
			isa = XCBuildConfiguration;
			buildSettings = {
				ALWAYS_SEARCH_USER_PATHS = NO;
				CLANG_ANALYZER_NONNULL = YES;
				CLANG_ANALYZER_NUMBER_OBJECT_CONVERSION = YES_AGGRESSIVE;
				CLANG_CXX_LANGUAGE_STANDARD = "gnu++14";
				CLANG_CXX_LIBRARY = "libc++";
				CLANG_ENABLE_MODULES = YES;
				CLANG_ENABLE_OBJC_ARC = YES;
				CLANG_ENABLE_OBJC_WEAK = YES;
				CLANG_WARN_BLOCK_CAPTURE_AUTORELEASING = YES;
				CLANG_WARN_BOOL_CONVERSION = YES;
				CLANG_WARN_COMMA = YES;
				CLANG_WARN_CONSTANT_CONVERSION = YES;
				CLANG_WARN_DEPRECATED_OBJC_IMPLEMENTATIONS = YES;
				CLANG_WARN_DIRECT_OBJC_ISA_USAGE = YES_ERROR;
				CLANG_WARN_DOCUMENTATION_COMMENTS = YES;
				CLANG_WARN_EMPTY_BODY = YES;
				CLANG_WARN_ENUM_CONVERSION = YES;
				CLANG_WARN_INFINITE_RECURSION = YES;
				CLANG_WARN_INT_CONVERSION = YES;
				CLANG_WARN_NON_LITERAL_NULL_CONVERSION = YES;
				CLANG_WARN_OBJC_IMPLICIT_RETAIN_SELF = YES;
				CLANG_WARN_OBJC_LITERAL_CONVERSION = YES;
				CLANG_WARN_OBJC_ROOT_CLASS = YES_ERROR;
				CLANG_WARN_RANGE_LOOP_ANALYSIS = YES;
				CLANG_WARN_STRICT_PROTOTYPES = YES;
				CLANG_WARN_SUSPICIOUS_MOVE = YES;
				CLANG_WARN_UNGUARDED_AVAILABILITY = YES_AGGRESSIVE;
				CLANG_WARN_UNREACHABLE_CODE = YES;
				CLANG_WARN__DUPLICATE_METHOD_MATCH = YES;
				COPY_PHASE_STRIP = NO;
				DEBUG_INFORMATION_FORMAT = dwarf;
				ENABLE_STRICT_OBJC_MSGSEND = YES;
				ENABLE_TESTABILITY = YES;
				GCC_C_LANGUAGE_STANDARD = gnu11;
				GCC_DYNAMIC_NO_PIC = NO;
				GCC_NO_COMMON_BLOCKS = YES;
				GCC_OPTIMIZATION_LEVEL = 0;
				GCC_PREPROCESSOR_DEFINITIONS = (
					"DEBUG=1",
					"$(inherited)",
				);
				GCC_WARN_64_TO_32_BIT_CONVERSION = YES;
				GCC_WARN_ABOUT_RETURN_TYPE = YES_ERROR;
				GCC_WARN_UNDECLARED_SELECTOR = YES;
				GCC_WARN_UNINITIALIZED_AUTOS = YES_AGGRESSIVE;
				GCC_WARN_UNUSED_FUNCTION = YES;
				GCC_WARN_UNUSED_VARIABLE = YES;
				IPHONEOS_DEPLOYMENT_TARGET = 13.2;
				MTL_ENABLE_DEBUG_INFO = INCLUDE_SOURCE;
				MTL_FAST_MATH = YES;
				ONLY_ACTIVE_ARCH = YES;
				SDKROOT = iphoneos;
				SWIFT_ACTIVE_COMPILATION_CONDITIONS = DEBUG;
				SWIFT_OPTIMIZATION_LEVEL = "-Onone";
			};
			name = Debug;
		};
		CC511F24244763140077EF4F /* Release */ = {
			isa = XCBuildConfiguration;
			buildSettings = {
				ALWAYS_SEARCH_USER_PATHS = NO;
				CLANG_ANALYZER_NONNULL = YES;
				CLANG_ANALYZER_NUMBER_OBJECT_CONVERSION = YES_AGGRESSIVE;
				CLANG_CXX_LANGUAGE_STANDARD = "gnu++14";
				CLANG_CXX_LIBRARY = "libc++";
				CLANG_ENABLE_MODULES = YES;
				CLANG_ENABLE_OBJC_ARC = YES;
				CLANG_ENABLE_OBJC_WEAK = YES;
				CLANG_WARN_BLOCK_CAPTURE_AUTORELEASING = YES;
				CLANG_WARN_BOOL_CONVERSION = YES;
				CLANG_WARN_COMMA = YES;
				CLANG_WARN_CONSTANT_CONVERSION = YES;
				CLANG_WARN_DEPRECATED_OBJC_IMPLEMENTATIONS = YES;
				CLANG_WARN_DIRECT_OBJC_ISA_USAGE = YES_ERROR;
				CLANG_WARN_DOCUMENTATION_COMMENTS = YES;
				CLANG_WARN_EMPTY_BODY = YES;
				CLANG_WARN_ENUM_CONVERSION = YES;
				CLANG_WARN_INFINITE_RECURSION = YES;
				CLANG_WARN_INT_CONVERSION = YES;
				CLANG_WARN_NON_LITERAL_NULL_CONVERSION = YES;
				CLANG_WARN_OBJC_IMPLICIT_RETAIN_SELF = YES;
				CLANG_WARN_OBJC_LITERAL_CONVERSION = YES;
				CLANG_WARN_OBJC_ROOT_CLASS = YES_ERROR;
				CLANG_WARN_RANGE_LOOP_ANALYSIS = YES;
				CLANG_WARN_STRICT_PROTOTYPES = YES;
				CLANG_WARN_SUSPICIOUS_MOVE = YES;
				CLANG_WARN_UNGUARDED_AVAILABILITY = YES_AGGRESSIVE;
				CLANG_WARN_UNREACHABLE_CODE = YES;
				CLANG_WARN__DUPLICATE_METHOD_MATCH = YES;
				COPY_PHASE_STRIP = NO;
				DEBUG_INFORMATION_FORMAT = "dwarf-with-dsym";
				ENABLE_NS_ASSERTIONS = NO;
				ENABLE_STRICT_OBJC_MSGSEND = YES;
				GCC_C_LANGUAGE_STANDARD = gnu11;
				GCC_NO_COMMON_BLOCKS = YES;
				GCC_WARN_64_TO_32_BIT_CONVERSION = YES;
				GCC_WARN_ABOUT_RETURN_TYPE = YES_ERROR;
				GCC_WARN_UNDECLARED_SELECTOR = YES;
				GCC_WARN_UNINITIALIZED_AUTOS = YES_AGGRESSIVE;
				GCC_WARN_UNUSED_FUNCTION = YES;
				GCC_WARN_UNUSED_VARIABLE = YES;
				IPHONEOS_DEPLOYMENT_TARGET = 13.2;
				MTL_ENABLE_DEBUG_INFO = NO;
				MTL_FAST_MATH = YES;
				SDKROOT = iphoneos;
				SWIFT_COMPILATION_MODE = wholemodule;
				SWIFT_OPTIMIZATION_LEVEL = "-O";
				VALIDATE_PRODUCT = YES;
			};
			name = Release;
		};
		CC511F26244763140077EF4F /* Debug */ = {
			isa = XCBuildConfiguration;
			buildSettings = {
				ASSETCATALOG_COMPILER_APPICON_NAME = AppIcon;
				CODE_SIGN_STYLE = Automatic;
				DEVELOPMENT_ASSET_PATHS = "\"PaulHudsonCards/Preview Content\"";
				ENABLE_PREVIEWS = YES;
				INFOPLIST_FILE = PaulHudsonCards/Info.plist;
				LD_RUNPATH_SEARCH_PATHS = (
					"$(inherited)",
					"@executable_path/Frameworks",
				);
				PRODUCT_BUNDLE_IDENTIFIER = games.greenfarm.PaulHudsonCards;
				PRODUCT_NAME = "$(TARGET_NAME)";
				SWIFT_VERSION = 5.0;
				TARGETED_DEVICE_FAMILY = "1,2";
			};
			name = Debug;
		};
		CC511F27244763140077EF4F /* Release */ = {
			isa = XCBuildConfiguration;
			buildSettings = {
				ASSETCATALOG_COMPILER_APPICON_NAME = AppIcon;
				CODE_SIGN_STYLE = Automatic;
				DEVELOPMENT_ASSET_PATHS = "\"PaulHudsonCards/Preview Content\"";
				ENABLE_PREVIEWS = YES;
				INFOPLIST_FILE = PaulHudsonCards/Info.plist;
				LD_RUNPATH_SEARCH_PATHS = (
					"$(inherited)",
					"@executable_path/Frameworks",
				);
				PRODUCT_BUNDLE_IDENTIFIER = games.greenfarm.PaulHudsonCards;
				PRODUCT_NAME = "$(TARGET_NAME)";
				SWIFT_VERSION = 5.0;
				TARGETED_DEVICE_FAMILY = "1,2";
			};
			name = Release;
		};
/* End XCBuildConfiguration section */

/* Begin XCConfigurationList section */
		CC511F092447630F0077EF4F /* Build configuration list for PBXProject "PaulHudsonCards" */ = {
			isa = XCConfigurationList;
			buildConfigurations = (
				CC511F23244763140077EF4F /* Debug */,
				CC511F24244763140077EF4F /* Release */,
			);
			defaultConfigurationIsVisible = 0;
			defaultConfigurationName = Release;
		};
		CC511F25244763140077EF4F /* Build configuration list for PBXNativeTarget "PaulHudsonCards" */ = {
			isa = XCConfigurationList;
			buildConfigurations = (
				CC511F26244763140077EF4F /* Debug */,
				CC511F27244763140077EF4F /* Release */,
			);
			defaultConfigurationIsVisible = 0;
			defaultConfigurationName = Release;
		};
/* End XCConfigurationList section */

/* Begin XCVersionGroup section */
		CC511F152447630F0077EF4F /* PaulHudsonCards.xcdatamodeld */ = {
			isa = XCVersionGroup;
			children = (
				CC511F162447630F0077EF4F /* PaulHudsonCards.xcdatamodel */,
			);
			currentVersion = CC511F162447630F0077EF4F /* PaulHudsonCards.xcdatamodel */;
			path = PaulHudsonCards.xcdatamodeld;
			sourceTree = "<group>";
			versionGroupType = wrapper.xcdatamodel;
		};
/* End XCVersionGroup section */
	};
	rootObject = CC511F062447630F0077EF4F /* Project object */;
}
