// !$*UTF8*$!
{
	archiveVersion = 1;
	classes = {
	};
	objectVersion = 50;
	objects = {

/* Begin PBXBuildFile section */
		CC495BF324FEE39F00E7406E /* AppDelegate.swift in Sources */ = {isa = PBXBuildFile; fileRef = CC495BF224FEE39F00E7406E /* AppDelegate.swift */; };
		CC495BF524FEE39F00E7406E /* SceneDelegate.swift in Sources */ = {isa = PBXBuildFile; fileRef = CC495BF424FEE39F00E7406E /* SceneDelegate.swift */; };
		CC495BF724FEE39F00E7406E /* ViewController.swift in Sources */ = {isa = PBXBuildFile; fileRef = CC495BF624FEE39F00E7406E /* ViewController.swift */; };
		CC495BFA24FEE39F00E7406E /* Main.storyboard in Resources */ = {isa = PBXBuildFile; fileRef = CC495BF824FEE39F00E7406E /* Main.storyboard */; };
		CC495BFC24FEE3A100E7406E /* Assets.xcassets in Resources */ = {isa = PBXBuildFile; fileRef = CC495BFB24FEE3A100E7406E /* Assets.xcassets */; };
		CC495BFF24FEE3A100E7406E /* LaunchScreen.storyboard in Resources */ = {isa = PBXBuildFile; fileRef = CC495BFD24FEE3A100E7406E /* LaunchScreen.storyboard */; };
/* End PBXBuildFile section */

/* Begin PBXFileReference section */
		CC495BEF24FEE39F00E7406E /* Day16-18-StormViewer.app */ = {isa = PBXFileReference; explicitFileType = wrapper.application; includeInIndex = 0; path = "Day16-18-StormViewer.app"; sourceTree = BUILT_PRODUCTS_DIR; };
		CC495BF224FEE39F00E7406E /* AppDelegate.swift */ = {isa = PBXFileReference; lastKnownFileType = sourcecode.swift; path = AppDelegate.swift; sourceTree = "<group>"; };
		CC495BF424FEE39F00E7406E /* SceneDelegate.swift */ = {isa = PBXFileReference; lastKnownFileType = sourcecode.swift; path = SceneDelegate.swift; sourceTree = "<group>"; };
		CC495BF624FEE39F00E7406E /* ViewController.swift */ = {isa = PBXFileReference; lastKnownFileType = sourcecode.swift; path = ViewController.swift; sourceTree = "<group>"; };
		CC495BF924FEE39F00E7406E /* Base */ = {isa = PBXFileReference; lastKnownFileType = file.storyboard; name = Base; path = Base.lproj/Main.storyboard; sourceTree = "<group>"; };
		CC495BFB24FEE3A100E7406E /* Assets.xcassets */ = {isa = PBXFileReference; lastKnownFileType = folder.assetcatalog; path = Assets.xcassets; sourceTree = "<group>"; };
		CC495BFE24FEE3A100E7406E /* Base */ = {isa = PBXFileReference; lastKnownFileType = file.storyboard; name = Base; path = Base.lproj/LaunchScreen.storyboard; sourceTree = "<group>"; };
		CC495C0024FEE3A100E7406E /* Info.plist */ = {isa = PBXFileReference; lastKnownFileType = text.plist.xml; path = Info.plist; sourceTree = "<group>"; };
/* End PBXFileReference section */

/* Begin PBXFrameworksBuildPhase section */
		CC495BEC24FEE39F00E7406E /* Frameworks */ = {
			isa = PBXFrameworksBuildPhase;
			buildActionMask = 2147483647;
			files = (
			);
			runOnlyForDeploymentPostprocessing = 0;
		};
/* End PBXFrameworksBuildPhase section */

/* Begin PBXGroup section */
		CC495BE624FEE39F00E7406E = {
			isa = PBXGroup;
			children = (
				CC495BF124FEE39F00E7406E /* Day16-18-StormViewer */,
				CC495BF024FEE39F00E7406E /* Products */,
			);
			sourceTree = "<group>";
		};
		CC495BF024FEE39F00E7406E /* Products */ = {
			isa = PBXGroup;
			children = (
				CC495BEF24FEE39F00E7406E /* Day16-18-StormViewer.app */,
			);
			name = Products;
			sourceTree = "<group>";
		};
		CC495BF124FEE39F00E7406E /* Day16-18-StormViewer */ = {
			isa = PBXGroup;
			children = (
				CC495BF224FEE39F00E7406E /* AppDelegate.swift */,
				CC495BF424FEE39F00E7406E /* SceneDelegate.swift */,
				CC495BF624FEE39F00E7406E /* ViewController.swift */,
				CC495BF824FEE39F00E7406E /* Main.storyboard */,
				CC495BFB24FEE3A100E7406E /* Assets.xcassets */,
				CC495BFD24FEE3A100E7406E /* LaunchScreen.storyboard */,
				CC495C0024FEE3A100E7406E /* Info.plist */,
			);
			path = "Day16-18-StormViewer";
			sourceTree = "<group>";
		};
/* End PBXGroup section */

/* Begin PBXNativeTarget section */
		CC495BEE24FEE39F00E7406E /* Day16-18-StormViewer */ = {
			isa = PBXNativeTarget;
			buildConfigurationList = CC495C0324FEE3A100E7406E /* Build configuration list for PBXNativeTarget "Day16-18-StormViewer" */;
			buildPhases = (
				CC495BEB24FEE39F00E7406E /* Sources */,
				CC495BEC24FEE39F00E7406E /* Frameworks */,
				CC495BED24FEE39F00E7406E /* Resources */,
			);
			buildRules = (
			);
			dependencies = (
			);
			name = "Day16-18-StormViewer";
			productName = "Day16-18-StormViewer";
			productReference = CC495BEF24FEE39F00E7406E /* Day16-18-StormViewer.app */;
			productType = "com.apple.product-type.application";
		};
/* End PBXNativeTarget section */

/* Begin PBXProject section */
		CC495BE724FEE39F00E7406E /* Project object */ = {
			isa = PBXProject;
			attributes = {
				LastSwiftUpdateCheck = 1160;
				LastUpgradeCheck = 1160;
				ORGANIZATIONNAME = "Ashlee Muscroft";
				TargetAttributes = {
					CC495BEE24FEE39F00E7406E = {
						CreatedOnToolsVersion = 11.6;
					};
				};
			};
			buildConfigurationList = CC495BEA24FEE39F00E7406E /* Build configuration list for PBXProject "Day16-18-StormViewer" */;
			compatibilityVersion = "Xcode 9.3";
			developmentRegion = en;
			hasScannedForEncodings = 0;
			knownRegions = (
				en,
				Base,
			);
			mainGroup = CC495BE624FEE39F00E7406E;
			productRefGroup = CC495BF024FEE39F00E7406E /* Products */;
			projectDirPath = "";
			projectRoot = "";
			targets = (
				CC495BEE24FEE39F00E7406E /* Day16-18-StormViewer */,
			);
		};
/* End PBXProject section */

/* Begin PBXResourcesBuildPhase section */
		CC495BED24FEE39F00E7406E /* Resources */ = {
			isa = PBXResourcesBuildPhase;
			buildActionMask = 2147483647;
			files = (
				CC495BFF24FEE3A100E7406E /* LaunchScreen.storyboard in Resources */,
				CC495BFC24FEE3A100E7406E /* Assets.xcassets in Resources */,
				CC495BFA24FEE39F00E7406E /* Main.storyboard in Resources */,
			);
			runOnlyForDeploymentPostprocessing = 0;
		};
/* End PBXResourcesBuildPhase section */

/* Begin PBXSourcesBuildPhase section */
		CC495BEB24FEE39F00E7406E /* Sources */ = {
			isa = PBXSourcesBuildPhase;
			buildActionMask = 2147483647;
			files = (
				CC495BF724FEE39F00E7406E /* ViewController.swift in Sources */,
				CC495BF324FEE39F00E7406E /* AppDelegate.swift in Sources */,
				CC495BF524FEE39F00E7406E /* SceneDelegate.swift in Sources */,
			);
			runOnlyForDeploymentPostprocessing = 0;
		};
/* End PBXSourcesBuildPhase section */

/* Begin PBXVariantGroup section */
		CC495BF824FEE39F00E7406E /* Main.storyboard */ = {
			isa = PBXVariantGroup;
			children = (
				CC495BF924FEE39F00E7406E /* Base */,
			);
			name = Main.storyboard;
			sourceTree = "<group>";
		};
		CC495BFD24FEE3A100E7406E /* LaunchScreen.storyboard */ = {
			isa = PBXVariantGroup;
			children = (
				CC495BFE24FEE3A100E7406E /* Base */,
			);
			name = LaunchScreen.storyboard;
			sourceTree = "<group>";
		};
/* End PBXVariantGroup section */

/* Begin XCBuildConfiguration section */
		CC495C0124FEE3A100E7406E /* Debug */ = {
			isa = XCBuildConfiguration;
			buildSettings = {
				ALWAYS_SEARCH_USER_PATHS = NO;
				CLANG_ANALYZER_NONNULL = YES;
				CLANG_ANALYZER_NUMBER_OBJECT_CONVERSION = YES_AGGRESSIVE;
				CLANG_CXX_LANGUAGE_STANDARD = "gnu++14";
				CLANG_CXX_LIBRARY = "libc++";
				CLANG_ENABLE_MODULES = YES;
				CLANG_ENABLE_OBJC_ARC = YES;
				CLANG_ENABLE_OBJC_WEAK = YES;
				CLANG_WARN_BLOCK_CAPTURE_AUTORELEASING = YES;
				CLANG_WARN_BOOL_CONVERSION = YES;
				CLANG_WARN_COMMA = YES;
				CLANG_WARN_CONSTANT_CONVERSION = YES;
				CLANG_WARN_DEPRECATED_OBJC_IMPLEMENTATIONS = YES;
				CLANG_WARN_DIRECT_OBJC_ISA_USAGE = YES_ERROR;
				CLANG_WARN_DOCUMENTATION_COMMENTS = YES;
				CLANG_WARN_EMPTY_BODY = YES;
				CLANG_WARN_ENUM_CONVERSION = YES;
				CLANG_WARN_INFINITE_RECURSION = YES;
				CLANG_WARN_INT_CONVERSION = YES;
				CLANG_WARN_NON_LITERAL_NULL_CONVERSION = YES;
				CLANG_WARN_OBJC_IMPLICIT_RETAIN_SELF = YES;
				CLANG_WARN_OBJC_LITERAL_CONVERSION = YES;
				CLANG_WARN_OBJC_ROOT_CLASS = YES_ERROR;
				CLANG_WARN_RANGE_LOOP_ANALYSIS = YES;
				CLANG_WARN_STRICT_PROTOTYPES = YES;
				CLANG_WARN_SUSPICIOUS_MOVE = YES;
				CLANG_WARN_UNGUARDED_AVAILABILITY = YES_AGGRESSIVE;
				CLANG_WARN_UNREACHABLE_CODE = YES;
				CLANG_WARN__DUPLICATE_METHOD_MATCH = YES;
				COPY_PHASE_STRIP = NO;
				DEBUG_INFORMATION_FORMAT = dwarf;
				ENABLE_STRICT_OBJC_MSGSEND = YES;
				ENABLE_TESTABILITY = YES;
				GCC_C_LANGUAGE_STANDARD = gnu11;
				GCC_DYNAMIC_NO_PIC = NO;
				GCC_NO_COMMON_BLOCKS = YES;
				GCC_OPTIMIZATION_LEVEL = 0;
				GCC_PREPROCESSOR_DEFINITIONS = (
					"DEBUG=1",
					"$(inherited)",
				);
				GCC_WARN_64_TO_32_BIT_CONVERSION = YES;
				GCC_WARN_ABOUT_RETURN_TYPE = YES_ERROR;
				GCC_WARN_UNDECLARED_SELECTOR = YES;
				GCC_WARN_UNINITIALIZED_AUTOS = YES_AGGRESSIVE;
				GCC_WARN_UNUSED_FUNCTION = YES;
				GCC_WARN_UNUSED_VARIABLE = YES;
				IPHONEOS_DEPLOYMENT_TARGET = 13.6;
				MTL_ENABLE_DEBUG_INFO = INCLUDE_SOURCE;
				MTL_FAST_MATH = YES;
				ONLY_ACTIVE_ARCH = YES;
				SDKROOT = iphoneos;
				SWIFT_ACTIVE_COMPILATION_CONDITIONS = DEBUG;
				SWIFT_OPTIMIZATION_LEVEL = "-Onone";
			};
			name = Debug;
		};
		CC495C0224FEE3A100E7406E /* Release */ = {
			isa = XCBuildConfiguration;
			buildSettings = {
				ALWAYS_SEARCH_USER_PATHS = NO;
				CLANG_ANALYZER_NONNULL = YES;
				CLANG_ANALYZER_NUMBER_OBJECT_CONVERSION = YES_AGGRESSIVE;
				CLANG_CXX_LANGUAGE_STANDARD = "gnu++14";
				CLANG_CXX_LIBRARY = "libc++";
				CLANG_ENABLE_MODULES = YES;
				CLANG_ENABLE_OBJC_ARC = YES;
				CLANG_ENABLE_OBJC_WEAK = YES;
				CLANG_WARN_BLOCK_CAPTURE_AUTORELEASING = YES;
				CLANG_WARN_BOOL_CONVERSION = YES;
				CLANG_WARN_COMMA = YES;
				CLANG_WARN_CONSTANT_CONVERSION = YES;
				CLANG_WARN_DEPRECATED_OBJC_IMPLEMENTATIONS = YES;
				CLANG_WARN_DIRECT_OBJC_ISA_USAGE = YES_ERROR;
				CLANG_WARN_DOCUMENTATION_COMMENTS = YES;
				CLANG_WARN_EMPTY_BODY = YES;
				CLANG_WARN_ENUM_CONVERSION = YES;
				CLANG_WARN_INFINITE_RECURSION = YES;
				CLANG_WARN_INT_CONVERSION = YES;
				CLANG_WARN_NON_LITERAL_NULL_CONVERSION = YES;
				CLANG_WARN_OBJC_IMPLICIT_RETAIN_SELF = YES;
				CLANG_WARN_OBJC_LITERAL_CONVERSION = YES;
				CLANG_WARN_OBJC_ROOT_CLASS = YES_ERROR;
				CLANG_WARN_RANGE_LOOP_ANALYSIS = YES;
				CLANG_WARN_STRICT_PROTOTYPES = YES;
				CLANG_WARN_SUSPICIOUS_MOVE = YES;
				CLANG_WARN_UNGUARDED_AVAILABILITY = YES_AGGRESSIVE;
				CLANG_WARN_UNREACHABLE_CODE = YES;
				CLANG_WARN__DUPLICATE_METHOD_MATCH = YES;
				COPY_PHASE_STRIP = NO;
				DEBUG_INFORMATION_FORMAT = "dwarf-with-dsym";
				ENABLE_NS_ASSERTIONS = NO;
				ENABLE_STRICT_OBJC_MSGSEND = YES;
				GCC_C_LANGUAGE_STANDARD = gnu11;
				GCC_NO_COMMON_BLOCKS = YES;
				GCC_WARN_64_TO_32_BIT_CONVERSION = YES;
				GCC_WARN_ABOUT_RETURN_TYPE = YES_ERROR;
				GCC_WARN_UNDECLARED_SELECTOR = YES;
				GCC_WARN_UNINITIALIZED_AUTOS = YES_AGGRESSIVE;
				GCC_WARN_UNUSED_FUNCTION = YES;
				GCC_WARN_UNUSED_VARIABLE = YES;
				IPHONEOS_DEPLOYMENT_TARGET = 13.6;
				MTL_ENABLE_DEBUG_INFO = NO;
				MTL_FAST_MATH = YES;
				SDKROOT = iphoneos;
				SWIFT_COMPILATION_MODE = wholemodule;
				SWIFT_OPTIMIZATION_LEVEL = "-O";
				VALIDATE_PRODUCT = YES;
			};
			name = Release;
		};
		CC495C0424FEE3A100E7406E /* Debug */ = {
			isa = XCBuildConfiguration;
			buildSettings = {
				ASSETCATALOG_COMPILER_APPICON_NAME = AppIcon;
				CODE_SIGN_STYLE = Automatic;
				DEVELOPMENT_TEAM = BQZ8334N75;
				INFOPLIST_FILE = "Day16-18-StormViewer/Info.plist";
				LD_RUNPATH_SEARCH_PATHS = (
					"$(inherited)",
					"@executable_path/Frameworks",
				);
				PRODUCT_BUNDLE_IDENTIFIER = "games.greenfarm.Day16-18-StormViewer";
				PRODUCT_NAME = "$(TARGET_NAME)";
				SWIFT_VERSION = 5.0;
				TARGETED_DEVICE_FAMILY = "1,2";
			};
			name = Debug;
		};
		CC495C0524FEE3A100E7406E /* Release */ = {
			isa = XCBuildConfiguration;
			buildSettings = {
				ASSETCATALOG_COMPILER_APPICON_NAME = AppIcon;
				CODE_SIGN_STYLE = Automatic;
				DEVELOPMENT_TEAM = BQZ8334N75;
				INFOPLIST_FILE = "Day16-18-StormViewer/Info.plist";
				LD_RUNPATH_SEARCH_PATHS = (
					"$(inherited)",
					"@executable_path/Frameworks",
				);
				PRODUCT_BUNDLE_IDENTIFIER = "games.greenfarm.Day16-18-StormViewer";
				PRODUCT_NAME = "$(TARGET_NAME)";
				SWIFT_VERSION = 5.0;
				TARGETED_DEVICE_FAMILY = "1,2";
			};
			name = Release;
		};
/* End XCBuildConfiguration section */

/* Begin XCConfigurationList section */
		CC495BEA24FEE39F00E7406E /* Build configuration list for PBXProject "Day16-18-StormViewer" */ = {
			isa = XCConfigurationList;
			buildConfigurations = (
				CC495C0124FEE3A100E7406E /* Debug */,
				CC495C0224FEE3A100E7406E /* Release */,
			);
			defaultConfigurationIsVisible = 0;
			defaultConfigurationName = Release;
		};
		CC495C0324FEE3A100E7406E /* Build configuration list for PBXNativeTarget "Day16-18-StormViewer" */ = {
			isa = XCConfigurationList;
			buildConfigurations = (
				CC495C0424FEE3A100E7406E /* Debug */,
				CC495C0524FEE3A100E7406E /* Release */,
			);
			defaultConfigurationIsVisible = 0;
			defaultConfigurationName = Release;
		};
/* End XCConfigurationList section */
	};
	rootObject = CC495BE724FEE39F00E7406E /* Project object */;
}
